// !$*UTF8*$!
{
	archiveVersion = 1;
	classes = {
	};
	objectVersion = 56;
	objects = {

/* Begin PBXBuildFile section */
		6032EC352BC47E180035790C /* ActivePickerView.swift in Sources */ = {isa = PBXBuildFile; fileRef = 6032EC342BC47E180035790C /* ActivePickerView.swift */; };
		6032EC3B2BC4FBA90035790C /* RestPickerView.swift in Sources */ = {isa = PBXBuildFile; fileRef = 6032EC3A2BC4FBA90035790C /* RestPickerView.swift */; };
		6032EC3D2BC4FCD50035790C /* SetsPickerVIew.swift in Sources */ = {isa = PBXBuildFile; fileRef = 6032EC3C2BC4FCD50035790C /* SetsPickerVIew.swift */; };
		6032EC402BC670530035790C /* WorkoutEditor.swift in Sources */ = {isa = PBXBuildFile; fileRef = 6032EC3F2BC670530035790C /* WorkoutEditor.swift */; };
		606EA07A2BB5D48A0023F6DC /* WorkoutsPage.swift in Sources */ = {isa = PBXBuildFile; fileRef = 606EA0792BB5D48A0023F6DC /* WorkoutsPage.swift */; };
		606EA0802BBA703A0023F6DC /* Workout.swift in Sources */ = {isa = PBXBuildFile; fileRef = 606EA07F2BBA703A0023F6DC /* Workout.swift */; };
		60FC9E492BB3E87000F2BEF7 /* IntervalTimer.swift in Sources */ = {isa = PBXBuildFile; fileRef = 60FC9E482BB3E87000F2BEF7 /* IntervalTimer.swift */; };
		60FC9E4B2BB3E87000F2BEF7 /* ContentView.swift in Sources */ = {isa = PBXBuildFile; fileRef = 60FC9E4A2BB3E87000F2BEF7 /* ContentView.swift */; };
		60FC9E4D2BB3E87100F2BEF7 /* Assets.xcassets in Resources */ = {isa = PBXBuildFile; fileRef = 60FC9E4C2BB3E87100F2BEF7 /* Assets.xcassets */; };
		60FC9E502BB3E87100F2BEF7 /* Preview Assets.xcassets in Resources */ = {isa = PBXBuildFile; fileRef = 60FC9E4F2BB3E87100F2BEF7 /* Preview Assets.xcassets */; };
		60FC9E572BB3EE3400F2BEF7 /* notes.swift in Sources */ = {isa = PBXBuildFile; fileRef = 60FC9E562BB3EE3400F2BEF7 /* notes.swift */; };
		60FC9E5D2BB3F02100F2BEF7 /* ProfilePage.swift in Sources */ = {isa = PBXBuildFile; fileRef = 60FC9E5C2BB3F02100F2BEF7 /* ProfilePage.swift */; };
		60FC9E5F2BB3F02E00F2BEF7 /* ExercisePage.swift in Sources */ = {isa = PBXBuildFile; fileRef = 60FC9E5E2BB3F02E00F2BEF7 /* ExercisePage.swift */; };
		60FC9E612BB3F04A00F2BEF7 /* SettingsPage.swift in Sources */ = {isa = PBXBuildFile; fileRef = 60FC9E602BB3F04A00F2BEF7 /* SettingsPage.swift */; };
		60FC9E662BB4AA0A00F2BEF7 /* ExerciseEditor.swift in Sources */ = {isa = PBXBuildFile; fileRef = 60FC9E652BB4AA0A00F2BEF7 /* ExerciseEditor.swift */; };
		60FC9E682BB4ACD400F2BEF7 /* ExerciseTimer.swift in Sources */ = {isa = PBXBuildFile; fileRef = 60FC9E672BB4ACD400F2BEF7 /* ExerciseTimer.swift */; };
		60FC9E6A2BB4BFF500F2BEF7 /* Exercise.swift in Sources */ = {isa = PBXBuildFile; fileRef = 60FC9E692BB4BFF500F2BEF7 /* Exercise.swift */; };
/* End PBXBuildFile section */

/* Begin PBXFileReference section */
		6032EC342BC47E180035790C /* ActivePickerView.swift */ = {isa = PBXFileReference; lastKnownFileType = sourcecode.swift; path = ActivePickerView.swift; sourceTree = "<group>"; };
		6032EC3A2BC4FBA90035790C /* RestPickerView.swift */ = {isa = PBXFileReference; lastKnownFileType = sourcecode.swift; path = RestPickerView.swift; sourceTree = "<group>"; };
		6032EC3C2BC4FCD50035790C /* SetsPickerVIew.swift */ = {isa = PBXFileReference; lastKnownFileType = sourcecode.swift; path = SetsPickerVIew.swift; sourceTree = "<group>"; };
		6032EC3F2BC670530035790C /* WorkoutEditor.swift */ = {isa = PBXFileReference; lastKnownFileType = sourcecode.swift; path = WorkoutEditor.swift; sourceTree = "<group>"; };
		606EA0792BB5D48A0023F6DC /* WorkoutsPage.swift */ = {isa = PBXFileReference; lastKnownFileType = sourcecode.swift; path = WorkoutsPage.swift; sourceTree = "<group>"; };
		606EA07F2BBA703A0023F6DC /* Workout.swift */ = {isa = PBXFileReference; lastKnownFileType = sourcecode.swift; path = Workout.swift; sourceTree = "<group>"; };
		60FC9E452BB3E87000F2BEF7 /* WorkoutApp.app */ = {isa = PBXFileReference; explicitFileType = wrapper.application; includeInIndex = 0; path = WorkoutApp.app; sourceTree = BUILT_PRODUCTS_DIR; };
		60FC9E482BB3E87000F2BEF7 /* IntervalTimer.swift */ = {isa = PBXFileReference; lastKnownFileType = sourcecode.swift; path = IntervalTimer.swift; sourceTree = "<group>"; };
		60FC9E4A2BB3E87000F2BEF7 /* ContentView.swift */ = {isa = PBXFileReference; lastKnownFileType = sourcecode.swift; path = ContentView.swift; sourceTree = "<group>"; };
		60FC9E4C2BB3E87100F2BEF7 /* Assets.xcassets */ = {isa = PBXFileReference; lastKnownFileType = folder.assetcatalog; path = Assets.xcassets; sourceTree = "<group>"; };
		60FC9E4F2BB3E87100F2BEF7 /* Preview Assets.xcassets */ = {isa = PBXFileReference; lastKnownFileType = folder.assetcatalog; path = "Preview Assets.xcassets"; sourceTree = "<group>"; };
		60FC9E562BB3EE3400F2BEF7 /* notes.swift */ = {isa = PBXFileReference; lastKnownFileType = sourcecode.swift; path = notes.swift; sourceTree = "<group>"; };
		60FC9E5C2BB3F02100F2BEF7 /* ProfilePage.swift */ = {isa = PBXFileReference; lastKnownFileType = sourcecode.swift; path = ProfilePage.swift; sourceTree = "<group>"; };
		60FC9E5E2BB3F02E00F2BEF7 /* ExercisePage.swift */ = {isa = PBXFileReference; lastKnownFileType = sourcecode.swift; path = ExercisePage.swift; sourceTree = "<group>"; };
		60FC9E602BB3F04A00F2BEF7 /* SettingsPage.swift */ = {isa = PBXFileReference; lastKnownFileType = sourcecode.swift; path = SettingsPage.swift; sourceTree = "<group>"; };
		60FC9E652BB4AA0A00F2BEF7 /* ExerciseEditor.swift */ = {isa = PBXFileReference; lastKnownFileType = sourcecode.swift; path = ExerciseEditor.swift; sourceTree = "<group>"; };
		60FC9E672BB4ACD400F2BEF7 /* ExerciseTimer.swift */ = {isa = PBXFileReference; lastKnownFileType = sourcecode.swift; path = ExerciseTimer.swift; sourceTree = "<group>"; };
		60FC9E692BB4BFF500F2BEF7 /* Exercise.swift */ = {isa = PBXFileReference; lastKnownFileType = sourcecode.swift; path = Exercise.swift; sourceTree = "<group>"; };
/* End PBXFileReference section */

/* Begin PBXFrameworksBuildPhase section */
		60FC9E422BB3E87000F2BEF7 /* Frameworks */ = {
			isa = PBXFrameworksBuildPhase;
			buildActionMask = 2147483647;
			files = (
			);
			runOnlyForDeploymentPostprocessing = 0;
		};
/* End PBXFrameworksBuildPhase section */

/* Begin PBXGroup section */
		6032EC3E2BC66CE60035790C /* Sheets */ = {
			isa = PBXGroup;
			children = (
				6032EC3A2BC4FBA90035790C /* RestPickerView.swift */,
				6032EC342BC47E180035790C /* ActivePickerView.swift */,
				6032EC3C2BC4FCD50035790C /* SetsPickerVIew.swift */,
				6032EC3F2BC670530035790C /* WorkoutEditor.swift */,
			);
			path = Sheets;
			sourceTree = "<group>";
		};
		60FC9E3C2BB3E87000F2BEF7 = {
			isa = PBXGroup;
			children = (
				60FC9E472BB3E87000F2BEF7 /* WorkoutApp */,
				60FC9E462BB3E87000F2BEF7 /* Products */,
			);
			sourceTree = "<group>";
		};
		60FC9E462BB3E87000F2BEF7 /* Products */ = {
			isa = PBXGroup;
			children = (
				60FC9E452BB3E87000F2BEF7 /* WorkoutApp.app */,
			);
			name = Products;
			sourceTree = "<group>";
		};
		60FC9E472BB3E87000F2BEF7 /* WorkoutApp */ = {
			isa = PBXGroup;
			children = (
				60FC9E482BB3E87000F2BEF7 /* IntervalTimer.swift */,
				60FC9E622BB4807B00F2BEF7 /* Managers */,
				60FC9E592BB3EF1400F2BEF7 /* Pages */,
				60FC9E582BB3EF0400F2BEF7 /* Views */,
				6032EC3E2BC66CE60035790C /* Sheets */,
				60FC9E562BB3EE3400F2BEF7 /* notes.swift */,
				60FC9E4A2BB3E87000F2BEF7 /* ContentView.swift */,
				60FC9E4E2BB3E87100F2BEF7 /* Preview Content */,
			);
			path = WorkoutApp;
			sourceTree = "<group>";
		};
		60FC9E4E2BB3E87100F2BEF7 /* Preview Content */ = {
			isa = PBXGroup;
			children = (
				60FC9E4F2BB3E87100F2BEF7 /* Preview Assets.xcassets */,
				60FC9E4C2BB3E87100F2BEF7 /* Assets.xcassets */,
			);
			path = "Preview Content";
			sourceTree = "<group>";
		};
		60FC9E582BB3EF0400F2BEF7 /* Views */ = {
			isa = PBXGroup;
			children = (
				60FC9E672BB4ACD400F2BEF7 /* ExerciseTimer.swift */,
				60FC9E652BB4AA0A00F2BEF7 /* ExerciseEditor.swift */,
			);
			path = Views;
			sourceTree = "<group>";
		};
		60FC9E592BB3EF1400F2BEF7 /* Pages */ = {
			isa = PBXGroup;
			children = (
				60FC9E5C2BB3F02100F2BEF7 /* ProfilePage.swift */,
				60FC9E602BB3F04A00F2BEF7 /* SettingsPage.swift */,
				60FC9E5E2BB3F02E00F2BEF7 /* ExercisePage.swift */,
				606EA0792BB5D48A0023F6DC /* WorkoutsPage.swift */,
			);
			path = Pages;
			sourceTree = "<group>";
		};
		60FC9E622BB4807B00F2BEF7 /* Managers */ = {
			isa = PBXGroup;
			children = (
				60FC9E692BB4BFF500F2BEF7 /* Exercise.swift */,
				606EA07F2BBA703A0023F6DC /* Workout.swift */,
			);
			path = Managers;
			sourceTree = "<group>";
		};
/* End PBXGroup section */

/* Begin PBXNativeTarget section */
		60FC9E442BB3E87000F2BEF7 /* WorkoutApp */ = {
			isa = PBXNativeTarget;
			buildConfigurationList = 60FC9E532BB3E87100F2BEF7 /* Build configuration list for PBXNativeTarget "WorkoutApp" */;
			buildPhases = (
				60FC9E412BB3E87000F2BEF7 /* Sources */,
				60FC9E422BB3E87000F2BEF7 /* Frameworks */,
				60FC9E432BB3E87000F2BEF7 /* Resources */,
			);
			buildRules = (
			);
			dependencies = (
			);
			name = WorkoutApp;
			productName = Countdown;
			productReference = 60FC9E452BB3E87000F2BEF7 /* WorkoutApp.app */;
			productType = "com.apple.product-type.application";
		};
/* End PBXNativeTarget section */

/* Begin PBXProject section */
		60FC9E3D2BB3E87000F2BEF7 /* Project object */ = {
			isa = PBXProject;
			attributes = {
				BuildIndependentTargetsInParallel = 1;
				LastSwiftUpdateCheck = 1430;
				LastUpgradeCheck = 1430;
				TargetAttributes = {
					60FC9E442BB3E87000F2BEF7 = {
						CreatedOnToolsVersion = 14.3.1;
					};
				};
			};
			buildConfigurationList = 60FC9E402BB3E87000F2BEF7 /* Build configuration list for PBXProject "WorkoutApp" */;
			compatibilityVersion = "Xcode 14.0";
			developmentRegion = en;
			hasScannedForEncodings = 0;
			knownRegions = (
				en,
				Base,
			);
			mainGroup = 60FC9E3C2BB3E87000F2BEF7;
			productRefGroup = 60FC9E462BB3E87000F2BEF7 /* Products */;
			projectDirPath = "";
			projectRoot = "";
			targets = (
				60FC9E442BB3E87000F2BEF7 /* WorkoutApp */,
			);
		};
/* End PBXProject section */

/* Begin PBXResourcesBuildPhase section */
		60FC9E432BB3E87000F2BEF7 /* Resources */ = {
			isa = PBXResourcesBuildPhase;
			buildActionMask = 2147483647;
			files = (
				60FC9E502BB3E87100F2BEF7 /* Preview Assets.xcassets in Resources */,
				60FC9E4D2BB3E87100F2BEF7 /* Assets.xcassets in Resources */,
			);
			runOnlyForDeploymentPostprocessing = 0;
		};
/* End PBXResourcesBuildPhase section */

/* Begin PBXSourcesBuildPhase section */
		60FC9E412BB3E87000F2BEF7 /* Sources */ = {
			isa = PBXSourcesBuildPhase;
			buildActionMask = 2147483647;
			files = (
				606EA07A2BB5D48A0023F6DC /* WorkoutsPage.swift in Sources */,
				6032EC402BC670530035790C /* WorkoutEditor.swift in Sources */,
				60FC9E5F2BB3F02E00F2BEF7 /* ExercisePage.swift in Sources */,
				60FC9E6A2BB4BFF500F2BEF7 /* Exercise.swift in Sources */,
				60FC9E572BB3EE3400F2BEF7 /* notes.swift in Sources */,
				60FC9E682BB4ACD400F2BEF7 /* ExerciseTimer.swift in Sources */,
				6032EC3B2BC4FBA90035790C /* RestPickerView.swift in Sources */,
				6032EC3D2BC4FCD50035790C /* SetsPickerVIew.swift in Sources */,
				60FC9E4B2BB3E87000F2BEF7 /* ContentView.swift in Sources */,
				60FC9E5D2BB3F02100F2BEF7 /* ProfilePage.swift in Sources */,
				60FC9E492BB3E87000F2BEF7 /* IntervalTimer.swift in Sources */,
				606EA0802BBA703A0023F6DC /* Workout.swift in Sources */,
				60FC9E662BB4AA0A00F2BEF7 /* ExerciseEditor.swift in Sources */,
				60FC9E612BB3F04A00F2BEF7 /* SettingsPage.swift in Sources */,
				6032EC352BC47E180035790C /* ActivePickerView.swift in Sources */,
			);
			runOnlyForDeploymentPostprocessing = 0;
		};
/* End PBXSourcesBuildPhase section */

/* Begin XCBuildConfiguration section */
		60FC9E512BB3E87100F2BEF7 /* Debug */ = {
			isa = XCBuildConfiguration;
			buildSettings = {
				ALWAYS_SEARCH_USER_PATHS = NO;
				CLANG_ANALYZER_NONNULL = YES;
				CLANG_ANALYZER_NUMBER_OBJECT_CONVERSION = YES_AGGRESSIVE;
				CLANG_CXX_LANGUAGE_STANDARD = "gnu++20";
				CLANG_ENABLE_MODULES = YES;
				CLANG_ENABLE_OBJC_ARC = YES;
				CLANG_ENABLE_OBJC_WEAK = YES;
				CLANG_WARN_BLOCK_CAPTURE_AUTORELEASING = YES;
				CLANG_WARN_BOOL_CONVERSION = YES;
				CLANG_WARN_COMMA = YES;
				CLANG_WARN_CONSTANT_CONVERSION = YES;
				CLANG_WARN_DEPRECATED_OBJC_IMPLEMENTATIONS = YES;
				CLANG_WARN_DIRECT_OBJC_ISA_USAGE = YES_ERROR;
				CLANG_WARN_DOCUMENTATION_COMMENTS = YES;
				CLANG_WARN_EMPTY_BODY = YES;
				CLANG_WARN_ENUM_CONVERSION = YES;
				CLANG_WARN_INFINITE_RECURSION = YES;
				CLANG_WARN_INT_CONVERSION = YES;
				CLANG_WARN_NON_LITERAL_NULL_CONVERSION = YES;
				CLANG_WARN_OBJC_IMPLICIT_RETAIN_SELF = YES;
				CLANG_WARN_OBJC_LITERAL_CONVERSION = YES;
				CLANG_WARN_OBJC_ROOT_CLASS = YES_ERROR;
				CLANG_WARN_QUOTED_INCLUDE_IN_FRAMEWORK_HEADER = YES;
				CLANG_WARN_RANGE_LOOP_ANALYSIS = YES;
				CLANG_WARN_STRICT_PROTOTYPES = YES;
				CLANG_WARN_SUSPICIOUS_MOVE = YES;
				CLANG_WARN_UNGUARDED_AVAILABILITY = YES_AGGRESSIVE;
				CLANG_WARN_UNREACHABLE_CODE = YES;
				CLANG_WARN__DUPLICATE_METHOD_MATCH = YES;
				COPY_PHASE_STRIP = NO;
				DEBUG_INFORMATION_FORMAT = dwarf;
				ENABLE_STRICT_OBJC_MSGSEND = YES;
				ENABLE_TESTABILITY = YES;
				GCC_C_LANGUAGE_STANDARD = gnu11;
				GCC_DYNAMIC_NO_PIC = NO;
				GCC_NO_COMMON_BLOCKS = YES;
				GCC_OPTIMIZATION_LEVEL = 0;
				GCC_PREPROCESSOR_DEFINITIONS = (
					"DEBUG=1",
					"$(inherited)",
				);
				GCC_WARN_64_TO_32_BIT_CONVERSION = YES;
				GCC_WARN_ABOUT_RETURN_TYPE = YES_ERROR;
				GCC_WARN_UNDECLARED_SELECTOR = YES;
				GCC_WARN_UNINITIALIZED_AUTOS = YES_AGGRESSIVE;
				GCC_WARN_UNUSED_FUNCTION = YES;
				GCC_WARN_UNUSED_VARIABLE = YES;
				IPHONEOS_DEPLOYMENT_TARGET = 17.4;
				MTL_ENABLE_DEBUG_INFO = INCLUDE_SOURCE;
				MTL_FAST_MATH = YES;
				ONLY_ACTIVE_ARCH = YES;
				SDKROOT = iphoneos;
				SWIFT_ACTIVE_COMPILATION_CONDITIONS = DEBUG;
				SWIFT_OPTIMIZATION_LEVEL = "-Onone";
			};
			name = Debug;
		};
		60FC9E522BB3E87100F2BEF7 /* Release */ = {
			isa = XCBuildConfiguration;
			buildSettings = {
				ALWAYS_SEARCH_USER_PATHS = NO;
				CLANG_ANALYZER_NONNULL = YES;
				CLANG_ANALYZER_NUMBER_OBJECT_CONVERSION = YES_AGGRESSIVE;
				CLANG_CXX_LANGUAGE_STANDARD = "gnu++20";
				CLANG_ENABLE_MODULES = YES;
				CLANG_ENABLE_OBJC_ARC = YES;
				CLANG_ENABLE_OBJC_WEAK = YES;
				CLANG_WARN_BLOCK_CAPTURE_AUTORELEASING = YES;
				CLANG_WARN_BOOL_CONVERSION = YES;
				CLANG_WARN_COMMA = YES;
				CLANG_WARN_CONSTANT_CONVERSION = YES;
				CLANG_WARN_DEPRECATED_OBJC_IMPLEMENTATIONS = YES;
				CLANG_WARN_DIRECT_OBJC_ISA_USAGE = YES_ERROR;
				CLANG_WARN_DOCUMENTATION_COMMENTS = YES;
				CLANG_WARN_EMPTY_BODY = YES;
				CLANG_WARN_ENUM_CONVERSION = YES;
				CLANG_WARN_INFINITE_RECURSION = YES;
				CLANG_WARN_INT_CONVERSION = YES;
				CLANG_WARN_NON_LITERAL_NULL_CONVERSION = YES;
				CLANG_WARN_OBJC_IMPLICIT_RETAIN_SELF = YES;
				CLANG_WARN_OBJC_LITERAL_CONVERSION = YES;
				CLANG_WARN_OBJC_ROOT_CLASS = YES_ERROR;
				CLANG_WARN_QUOTED_INCLUDE_IN_FRAMEWORK_HEADER = YES;
				CLANG_WARN_RANGE_LOOP_ANALYSIS = YES;
				CLANG_WARN_STRICT_PROTOTYPES = YES;
				CLANG_WARN_SUSPICIOUS_MOVE = YES;
				CLANG_WARN_UNGUARDED_AVAILABILITY = YES_AGGRESSIVE;
				CLANG_WARN_UNREACHABLE_CODE = YES;
				CLANG_WARN__DUPLICATE_METHOD_MATCH = YES;
				COPY_PHASE_STRIP = NO;
				DEBUG_INFORMATION_FORMAT = "dwarf-with-dsym";
				ENABLE_NS_ASSERTIONS = NO;
				ENABLE_STRICT_OBJC_MSGSEND = YES;
				GCC_C_LANGUAGE_STANDARD = gnu11;
				GCC_NO_COMMON_BLOCKS = YES;
				GCC_WARN_64_TO_32_BIT_CONVERSION = YES;
				GCC_WARN_ABOUT_RETURN_TYPE = YES_ERROR;
				GCC_WARN_UNDECLARED_SELECTOR = YES;
				GCC_WARN_UNINITIALIZED_AUTOS = YES_AGGRESSIVE;
				GCC_WARN_UNUSED_FUNCTION = YES;
				GCC_WARN_UNUSED_VARIABLE = YES;
				IPHONEOS_DEPLOYMENT_TARGET = 17.4;
				MTL_ENABLE_DEBUG_INFO = NO;
				MTL_FAST_MATH = YES;
				SDKROOT = iphoneos;
				SWIFT_COMPILATION_MODE = wholemodule;
				SWIFT_OPTIMIZATION_LEVEL = "-O";
				VALIDATE_PRODUCT = YES;
			};
			name = Release;
		};
		60FC9E542BB3E87100F2BEF7 /* Debug */ = {
			isa = XCBuildConfiguration;
			buildSettings = {
				ASSETCATALOG_COMPILER_APPICON_NAME = AppIcon;
				ASSETCATALOG_COMPILER_GLOBAL_ACCENT_COLOR_NAME = AccentColor;
				CODE_SIGN_STYLE = Automatic;
				CURRENT_PROJECT_VERSION = 1;
				DEVELOPMENT_ASSET_PATHS = "\"WorkoutApp/Preview Content\"";
				DEVELOPMENT_TEAM = SV32NDZ328;
				ENABLE_PREVIEWS = YES;
				GENERATE_INFOPLIST_FILE = YES;
				INFOPLIST_KEY_UIApplicationSceneManifest_Generation = YES;
				INFOPLIST_KEY_UIApplicationSupportsIndirectInputEvents = YES;
				INFOPLIST_KEY_UILaunchScreen_Generation = YES;
				INFOPLIST_KEY_UISupportedInterfaceOrientations_iPad = "UIInterfaceOrientationPortrait UIInterfaceOrientationPortraitUpsideDown UIInterfaceOrientationLandscapeLeft UIInterfaceOrientationLandscapeRight";
				INFOPLIST_KEY_UISupportedInterfaceOrientations_iPhone = "UIInterfaceOrientationPortrait UIInterfaceOrientationLandscapeLeft UIInterfaceOrientationLandscapeRight";
				LD_RUNPATH_SEARCH_PATHS = (
					"$(inherited)",
					"@executable_path/Frameworks",
				);
				MARKETING_VERSION = 1.0;
				PRODUCT_BUNDLE_IDENTIFIER = com.adamrowton.Countdown;
				PRODUCT_NAME = "$(TARGET_NAME)";
				SWIFT_EMIT_LOC_STRINGS = YES;
				SWIFT_VERSION = 5.0;
				TARGETED_DEVICE_FAMILY = "1,2";
			};
			name = Debug;
		};
		60FC9E552BB3E87100F2BEF7 /* Release */ = {
			isa = XCBuildConfiguration;
			buildSettings = {
				ASSETCATALOG_COMPILER_APPICON_NAME = AppIcon;
				ASSETCATALOG_COMPILER_GLOBAL_ACCENT_COLOR_NAME = AccentColor;
				CODE_SIGN_STYLE = Automatic;
				CURRENT_PROJECT_VERSION = 1;
				DEVELOPMENT_ASSET_PATHS = "\"WorkoutApp/Preview Content\"";
				DEVELOPMENT_TEAM = SV32NDZ328;
				ENABLE_PREVIEWS = YES;
				GENERATE_INFOPLIST_FILE = YES;
				INFOPLIST_KEY_UIApplicationSceneManifest_Generation = YES;
				INFOPLIST_KEY_UIApplicationSupportsIndirectInputEvents = YES;
				INFOPLIST_KEY_UILaunchScreen_Generation = YES;
				INFOPLIST_KEY_UISupportedInterfaceOrientations_iPad = "UIInterfaceOrientationPortrait UIInterfaceOrientationPortraitUpsideDown UIInterfaceOrientationLandscapeLeft UIInterfaceOrientationLandscapeRight";
				INFOPLIST_KEY_UISupportedInterfaceOrientations_iPhone = "UIInterfaceOrientationPortrait UIInterfaceOrientationLandscapeLeft UIInterfaceOrientationLandscapeRight";
				LD_RUNPATH_SEARCH_PATHS = (
					"$(inherited)",
					"@executable_path/Frameworks",
				);
				MARKETING_VERSION = 1.0;
				PRODUCT_BUNDLE_IDENTIFIER = com.adamrowton.Countdown;
				PRODUCT_NAME = "$(TARGET_NAME)";
				SWIFT_EMIT_LOC_STRINGS = YES;
				SWIFT_VERSION = 5.0;
				TARGETED_DEVICE_FAMILY = "1,2";
			};
			name = Release;
		};
/* End XCBuildConfiguration section */

/* Begin XCConfigurationList section */
		60FC9E402BB3E87000F2BEF7 /* Build configuration list for PBXProject "WorkoutApp" */ = {
			isa = XCConfigurationList;
			buildConfigurations = (
				60FC9E512BB3E87100F2BEF7 /* Debug */,
				60FC9E522BB3E87100F2BEF7 /* Release */,
			);
			defaultConfigurationIsVisible = 0;
			defaultConfigurationName = Release;
		};
		60FC9E532BB3E87100F2BEF7 /* Build configuration list for PBXNativeTarget "WorkoutApp" */ = {
			isa = XCConfigurationList;
			buildConfigurations = (
				60FC9E542BB3E87100F2BEF7 /* Debug */,
				60FC9E552BB3E87100F2BEF7 /* Release */,
			);
			defaultConfigurationIsVisible = 0;
			defaultConfigurationName = Release;
		};
/* End XCConfigurationList section */
	};
	rootObject = 60FC9E3D2BB3E87000F2BEF7 /* Project object */;
}
